
Microsoft Visual Studio Solution File, Format Version 12.00
# Visual Studio 15
VisualStudioVersion = 15.0.28307.271
MinimumVisualStudioVersion = 10.0.40219.1
Project("{9A19103F-16F7-4668-BE54-9A1E7A4F7556}") = "Fuel_Service", "Fuel_Serivce\Fuel_Service.csproj", "{24E98240-4FF7-469F-8FD1-ECA628EF9C9E}"
EndProject
Project("{9A19103F-16F7-4668-BE54-9A1E7A4F7556}") = "HomeControllerTests", "HomeControllerTests\HomeControllerTests.csproj", "{5095F643-D10E-41DE-B589-1759A89FE8D2}"
EndProject
Global
	GlobalSection(SolutionConfigurationPlatforms) = preSolution
		Debug|Any CPU = Debug|Any CPU
		Release|Any CPU = Release|Any CPU
	EndGlobalSection
	GlobalSection(ProjectConfigurationPlatforms) = postSolution
		{24E98240-4FF7-469F-8FD1-ECA628EF9C9E}.Debug|Any CPU.ActiveCfg = Debug|Any CPU
		{24E98240-4FF7-469F-8FD1-ECA628EF9C9E}.Debug|Any CPU.Build.0 = Debug|Any CPU
		{24E98240-4FF7-469F-8FD1-ECA628EF9C9E}.Release|Any CPU.ActiveCfg = Release|Any CPU
		{24E98240-4FF7-469F-8FD1-ECA628EF9C9E}.Release|Any CPU.Build.0 = Release|Any CPU
		{5095F643-D10E-41DE-B589-1759A89FE8D2}.Debug|Any CPU.ActiveCfg = Debug|Any CPU
		{5095F643-D10E-41DE-B589-1759A89FE8D2}.Debug|Any CPU.Build.0 = Debug|Any CPU
		{5095F643-D10E-41DE-B589-1759A89FE8D2}.Release|Any CPU.ActiveCfg = Release|Any CPU
		{5095F643-D10E-41DE-B589-1759A89FE8D2}.Release|Any CPU.Build.0 = Release|Any CPU
	EndGlobalSection
	GlobalSection(SolutionProperties) = preSolution
		HideSolutionNode = FALSE
	EndGlobalSection
	GlobalSection(ExtensibilityGlobals) = postSolution
		SolutionGuid = {FBD16DEF-6B9E-4727-9E98-794B3D9C1226}
	EndGlobalSection
EndGlobal
